// !$*UTF8*$!
{
	archiveVersion = 1;
	classes = {
	};
	objectVersion = 56;
	objects = {

/* Begin PBXBuildFile section */
		292A71F82C57DCC50094CAC2 /* StartScreen.swift in Sources */ = {isa = PBXBuildFile; fileRef = 292A71F72C57DCC50094CAC2 /* StartScreen.swift */; };
		292A71FA2C57DD680094CAC2 /* AppColor.swift in Sources */ = {isa = PBXBuildFile; fileRef = 292A71F92C57DD680094CAC2 /* AppColor.swift */; };
		292A71FD2C57EDCD0094CAC2 /* SheetView.swift in Sources */ = {isa = PBXBuildFile; fileRef = 292A71FC2C57EDCD0094CAC2 /* SheetView.swift */; };
		292A71FF2C57F1DD0094CAC2 /* ModifyQuizView.swift in Sources */ = {isa = PBXBuildFile; fileRef = 292A71FE2C57F1DD0094CAC2 /* ModifyQuizView.swift */; };
		292A72012C57F9E60094CAC2 /* ModifyQuestionView.swift in Sources */ = {isa = PBXBuildFile; fileRef = 292A72002C57F9E60094CAC2 /* ModifyQuestionView.swift */; };
		296488EA2C56E5EA00FF00E3 /* The_Quiz_AppApp.swift in Sources */ = {isa = PBXBuildFile; fileRef = 296488E92C56E5EA00FF00E3 /* The_Quiz_AppApp.swift */; };
		296488EE2C56E5EB00FF00E3 /* Assets.xcassets in Resources */ = {isa = PBXBuildFile; fileRef = 296488ED2C56E5EB00FF00E3 /* Assets.xcassets */; };
		296488F12C56E5EB00FF00E3 /* Preview Assets.xcassets in Resources */ = {isa = PBXBuildFile; fileRef = 296488F02C56E5EB00FF00E3 /* Preview Assets.xcassets */; };
		296488FB2C56E69900FF00E3 /* QuizModel.swift in Sources */ = {isa = PBXBuildFile; fileRef = 296488FA2C56E69900FF00E3 /* QuizModel.swift */; };
		296488FD2C56E96300FF00E3 /* QuizData.swift in Sources */ = {isa = PBXBuildFile; fileRef = 296488FC2C56E96300FF00E3 /* QuizData.swift */; };
		296488FF2C56F2E000FF00E3 /* GameData.swift in Sources */ = {isa = PBXBuildFile; fileRef = 296488FE2C56F2E000FF00E3 /* GameData.swift */; };
		2970387A2C5C162100B9ED01 /* GameScreen.swift in Sources */ = {isa = PBXBuildFile; fileRef = 297038792C5C162100B9ED01 /* GameScreen.swift */; };
		2970387D2C5C1C3000B9ED01 /* AnswerPresenterView.swift in Sources */ = {isa = PBXBuildFile; fileRef = 2970387C2C5C1C3000B9ED01 /* AnswerPresenterView.swift */; };
/* End PBXBuildFile section */

/* Begin PBXFileReference section */
		292A71F72C57DCC50094CAC2 /* StartScreen.swift */ = {isa = PBXFileReference; lastKnownFileType = sourcecode.swift; path = StartScreen.swift; sourceTree = "<group>"; };
		292A71F92C57DD680094CAC2 /* AppColor.swift */ = {isa = PBXFileReference; lastKnownFileType = sourcecode.swift; path = AppColor.swift; sourceTree = "<group>"; };
		292A71FC2C57EDCD0094CAC2 /* SheetView.swift */ = {isa = PBXFileReference; lastKnownFileType = sourcecode.swift; path = SheetView.swift; sourceTree = "<group>"; };
		292A71FE2C57F1DD0094CAC2 /* ModifyQuizView.swift */ = {isa = PBXFileReference; lastKnownFileType = sourcecode.swift; path = ModifyQuizView.swift; sourceTree = "<group>"; };
		292A72002C57F9E60094CAC2 /* ModifyQuestionView.swift */ = {isa = PBXFileReference; lastKnownFileType = sourcecode.swift; path = ModifyQuestionView.swift; sourceTree = "<group>"; };
		296488E62C56E5EA00FF00E3 /* The Quiz App.app */ = {isa = PBXFileReference; explicitFileType = wrapper.application; includeInIndex = 0; path = "The Quiz App.app"; sourceTree = BUILT_PRODUCTS_DIR; };
		296488E92C56E5EA00FF00E3 /* The_Quiz_AppApp.swift */ = {isa = PBXFileReference; lastKnownFileType = sourcecode.swift; path = The_Quiz_AppApp.swift; sourceTree = "<group>"; usesTabs = 0; };
		296488ED2C56E5EB00FF00E3 /* Assets.xcassets */ = {isa = PBXFileReference; lastKnownFileType = folder.assetcatalog; path = Assets.xcassets; sourceTree = "<group>"; };
		296488F02C56E5EB00FF00E3 /* Preview Assets.xcassets */ = {isa = PBXFileReference; lastKnownFileType = folder.assetcatalog; path = "Preview Assets.xcassets"; sourceTree = "<group>"; };
		296488FA2C56E69900FF00E3 /* QuizModel.swift */ = {isa = PBXFileReference; lastKnownFileType = sourcecode.swift; path = QuizModel.swift; sourceTree = "<group>"; };
		296488FC2C56E96300FF00E3 /* QuizData.swift */ = {isa = PBXFileReference; lastKnownFileType = sourcecode.swift; path = QuizData.swift; sourceTree = "<group>"; };
		296488FE2C56F2E000FF00E3 /* GameData.swift */ = {isa = PBXFileReference; lastKnownFileType = sourcecode.swift; path = GameData.swift; sourceTree = "<group>"; };
		297038792C5C162100B9ED01 /* GameScreen.swift */ = {isa = PBXFileReference; lastKnownFileType = sourcecode.swift; path = GameScreen.swift; sourceTree = "<group>"; };
		2970387C2C5C1C3000B9ED01 /* AnswerPresenterView.swift */ = {isa = PBXFileReference; lastKnownFileType = sourcecode.swift; path = AnswerPresenterView.swift; sourceTree = "<group>"; };
/* End PBXFileReference section */

/* Begin PBXFrameworksBuildPhase section */
		296488E32C56E5EA00FF00E3 /* Frameworks */ = {
			isa = PBXFrameworksBuildPhase;
			buildActionMask = 2147483647;
			files = (
			);
			runOnlyForDeploymentPostprocessing = 0;
		};
/* End PBXFrameworksBuildPhase section */

/* Begin PBXGroup section */
		292A71F62C57DC6D0094CAC2 /* Shared */ = {
			isa = PBXGroup;
			children = (
				292A71F92C57DD680094CAC2 /* AppColor.swift */,
			);
			path = Shared;
			sourceTree = "<group>";
		};
		292A71FB2C57EDA50094CAC2 /* StartScreenViews */ = {
			isa = PBXGroup;
			children = (
				292A71FC2C57EDCD0094CAC2 /* SheetView.swift */,
				292A71FE2C57F1DD0094CAC2 /* ModifyQuizView.swift */,
				292A72002C57F9E60094CAC2 /* ModifyQuestionView.swift */,
			);
			path = StartScreenViews;
			sourceTree = "<group>";
		};
		296488DD2C56E5EA00FF00E3 = {
			isa = PBXGroup;
			children = (
				296488E82C56E5EA00FF00E3 /* The Quiz App */,
				296488E72C56E5EA00FF00E3 /* Products */,
			);
			sourceTree = "<group>";
		};
		296488E72C56E5EA00FF00E3 /* Products */ = {
			isa = PBXGroup;
			children = (
				296488E62C56E5EA00FF00E3 /* The Quiz App.app */,
			);
			name = Products;
			sourceTree = "<group>";
		};
		296488E82C56E5EA00FF00E3 /* The Quiz App */ = {
			isa = PBXGroup;
			children = (
				296488E92C56E5EA00FF00E3 /* The_Quiz_AppApp.swift */,
				296488F72C56E61300FF00E3 /* Views */,
				296488F82C56E62400FF00E3 /* Model */,
				296488F92C56E64900FF00E3 /* ViewModel */,
				296488ED2C56E5EB00FF00E3 /* Assets.xcassets */,
				296488EF2C56E5EB00FF00E3 /* Preview Content */,
			);
			path = "The Quiz App";
			sourceTree = "<group>";
		};
		296488EF2C56E5EB00FF00E3 /* Preview Content */ = {
			isa = PBXGroup;
			children = (
				296488F02C56E5EB00FF00E3 /* Preview Assets.xcassets */,
			);
			path = "Preview Content";
			sourceTree = "<group>";
		};
		296488F72C56E61300FF00E3 /* Views */ = {
			isa = PBXGroup;
			children = (
				292A71F62C57DC6D0094CAC2 /* Shared */,
				292A71F72C57DCC50094CAC2 /* StartScreen.swift */,
				292A71FB2C57EDA50094CAC2 /* StartScreenViews */,
				297038792C5C162100B9ED01 /* GameScreen.swift */,
				2970387B2C5C1BD800B9ED01 /* GameScreenViews */,
			);
			path = Views;
			sourceTree = "<group>";
		};
		296488F82C56E62400FF00E3 /* Model */ = {
			isa = PBXGroup;
			children = (
				296488FA2C56E69900FF00E3 /* QuizModel.swift */,
			);
			path = Model;
			sourceTree = "<group>";
		};
		296488F92C56E64900FF00E3 /* ViewModel */ = {
			isa = PBXGroup;
			children = (
				296488FC2C56E96300FF00E3 /* QuizData.swift */,
				296488FE2C56F2E000FF00E3 /* GameData.swift */,
			);
			path = ViewModel;
			sourceTree = "<group>";
		};
		2970387B2C5C1BD800B9ED01 /* GameScreenViews */ = {
			isa = PBXGroup;
			children = (
				2970387C2C5C1C3000B9ED01 /* AnswerPresenterView.swift */,
			);
			path = GameScreenViews;
			sourceTree = "<group>";
		};
/* End PBXGroup section */

/* Begin PBXNativeTarget section */
		296488E52C56E5EA00FF00E3 /* The Quiz App */ = {
			isa = PBXNativeTarget;
			buildConfigurationList = 296488F42C56E5EB00FF00E3 /* Build configuration list for PBXNativeTarget "The Quiz App" */;
			buildPhases = (
				296488E22C56E5EA00FF00E3 /* Sources */,
				296488E32C56E5EA00FF00E3 /* Frameworks */,
				296488E42C56E5EA00FF00E3 /* Resources */,
			);
			buildRules = (
			);
			dependencies = (
			);
			name = "The Quiz App";
			productName = "The Quiz App";
			productReference = 296488E62C56E5EA00FF00E3 /* The Quiz App.app */;
			productType = "com.apple.product-type.application";
		};
/* End PBXNativeTarget section */

/* Begin PBXProject section */
		296488DE2C56E5EA00FF00E3 /* Project object */ = {
			isa = PBXProject;
			attributes = {
				BuildIndependentTargetsInParallel = 1;
				LastSwiftUpdateCheck = 1540;
				LastUpgradeCheck = 1540;
				TargetAttributes = {
					296488E52C56E5EA00FF00E3 = {
						CreatedOnToolsVersion = 15.4;
					};
				};
			};
			buildConfigurationList = 296488E12C56E5EA00FF00E3 /* Build configuration list for PBXProject "The Quiz App" */;
			compatibilityVersion = "Xcode 14.0";
			developmentRegion = en;
			hasScannedForEncodings = 0;
			knownRegions = (
				en,
				Base,
			);
			mainGroup = 296488DD2C56E5EA00FF00E3;
			productRefGroup = 296488E72C56E5EA00FF00E3 /* Products */;
			projectDirPath = "";
			projectRoot = "";
			targets = (
				296488E52C56E5EA00FF00E3 /* The Quiz App */,
			);
		};
/* End PBXProject section */

/* Begin PBXResourcesBuildPhase section */
		296488E42C56E5EA00FF00E3 /* Resources */ = {
			isa = PBXResourcesBuildPhase;
			buildActionMask = 2147483647;
			files = (
				296488F12C56E5EB00FF00E3 /* Preview Assets.xcassets in Resources */,
				296488EE2C56E5EB00FF00E3 /* Assets.xcassets in Resources */,
			);
			runOnlyForDeploymentPostprocessing = 0;
		};
/* End PBXResourcesBuildPhase section */

/* Begin PBXSourcesBuildPhase section */
		296488E22C56E5EA00FF00E3 /* Sources */ = {
			isa = PBXSourcesBuildPhase;
			buildActionMask = 2147483647;
			files = (
				296488FB2C56E69900FF00E3 /* QuizModel.swift in Sources */,
				2970387A2C5C162100B9ED01 /* GameScreen.swift in Sources */,
				292A71FD2C57EDCD0094CAC2 /* SheetView.swift in Sources */,
				296488FF2C56F2E000FF00E3 /* GameData.swift in Sources */,
				292A71FF2C57F1DD0094CAC2 /* ModifyQuizView.swift in Sources */,
				292A71F82C57DCC50094CAC2 /* StartScreen.swift in Sources */,
				292A72012C57F9E60094CAC2 /* ModifyQuestionView.swift in Sources */,
				296488FD2C56E96300FF00E3 /* QuizData.swift in Sources */,
				296488EA2C56E5EA00FF00E3 /* The_Quiz_AppApp.swift in Sources */,
				2970387D2C5C1C3000B9ED01 /* AnswerPresenterView.swift in Sources */,
				292A71FA2C57DD680094CAC2 /* AppColor.swift in Sources */,
			);
			runOnlyForDeploymentPostprocessing = 0;
		};
/* End PBXSourcesBuildPhase section */

/* Begin XCBuildConfiguration section */
		296488F22C56E5EB00FF00E3 /* Debug */ = {
			isa = XCBuildConfiguration;
			buildSettings = {
				ALWAYS_SEARCH_USER_PATHS = NO;
				ASSETCATALOG_COMPILER_GENERATE_SWIFT_ASSET_SYMBOL_EXTENSIONS = YES;
				CLANG_ANALYZER_NONNULL = YES;
				CLANG_ANALYZER_NUMBER_OBJECT_CONVERSION = YES_AGGRESSIVE;
				CLANG_CXX_LANGUAGE_STANDARD = "gnu++20";
				CLANG_ENABLE_MODULES = YES;
				CLANG_ENABLE_OBJC_ARC = YES;
				CLANG_ENABLE_OBJC_WEAK = YES;
				CLANG_WARN_BLOCK_CAPTURE_AUTORELEASING = YES;
				CLANG_WARN_BOOL_CONVERSION = YES;
				CLANG_WARN_COMMA = YES;
				CLANG_WARN_CONSTANT_CONVERSION = YES;
				CLANG_WARN_DEPRECATED_OBJC_IMPLEMENTATIONS = YES;
				CLANG_WARN_DIRECT_OBJC_ISA_USAGE = YES_ERROR;
				CLANG_WARN_DOCUMENTATION_COMMENTS = YES;
				CLANG_WARN_EMPTY_BODY = YES;
				CLANG_WARN_ENUM_CONVERSION = YES;
				CLANG_WARN_INFINITE_RECURSION = YES;
				CLANG_WARN_INT_CONVERSION = YES;
				CLANG_WARN_NON_LITERAL_NULL_CONVERSION = YES;
				CLANG_WARN_OBJC_IMPLICIT_RETAIN_SELF = YES;
				CLANG_WARN_OBJC_LITERAL_CONVERSION = YES;
				CLANG_WARN_OBJC_ROOT_CLASS = YES_ERROR;
				CLANG_WARN_QUOTED_INCLUDE_IN_FRAMEWORK_HEADER = YES;
				CLANG_WARN_RANGE_LOOP_ANALYSIS = YES;
				CLANG_WARN_STRICT_PROTOTYPES = YES;
				CLANG_WARN_SUSPICIOUS_MOVE = YES;
				CLANG_WARN_UNGUARDED_AVAILABILITY = YES_AGGRESSIVE;
				CLANG_WARN_UNREACHABLE_CODE = YES;
				CLANG_WARN__DUPLICATE_METHOD_MATCH = YES;
				COPY_PHASE_STRIP = NO;
				DEBUG_INFORMATION_FORMAT = dwarf;
				ENABLE_STRICT_OBJC_MSGSEND = YES;
				ENABLE_TESTABILITY = YES;
				ENABLE_USER_SCRIPT_SANDBOXING = YES;
				GCC_C_LANGUAGE_STANDARD = gnu17;
				GCC_DYNAMIC_NO_PIC = NO;
				GCC_NO_COMMON_BLOCKS = YES;
				GCC_OPTIMIZATION_LEVEL = 0;
				GCC_PREPROCESSOR_DEFINITIONS = (
					"DEBUG=1",
					"$(inherited)",
				);
				GCC_WARN_64_TO_32_BIT_CONVERSION = YES;
				GCC_WARN_ABOUT_RETURN_TYPE = YES_ERROR;
				GCC_WARN_UNDECLARED_SELECTOR = YES;
				GCC_WARN_UNINITIALIZED_AUTOS = YES_AGGRESSIVE;
				GCC_WARN_UNUSED_FUNCTION = YES;
				GCC_WARN_UNUSED_VARIABLE = YES;
				IPHONEOS_DEPLOYMENT_TARGET = 17.5;
				LOCALIZATION_PREFERS_STRING_CATALOGS = YES;
				MTL_ENABLE_DEBUG_INFO = INCLUDE_SOURCE;
				MTL_FAST_MATH = YES;
				ONLY_ACTIVE_ARCH = YES;
				SDKROOT = iphoneos;
				SWIFT_ACTIVE_COMPILATION_CONDITIONS = "DEBUG $(inherited)";
				SWIFT_OPTIMIZATION_LEVEL = "-Onone";
			};
			name = Debug;
		};
		296488F32C56E5EB00FF00E3 /* Release */ = {
			isa = XCBuildConfiguration;
			buildSettings = {
				ALWAYS_SEARCH_USER_PATHS = NO;
				ASSETCATALOG_COMPILER_GENERATE_SWIFT_ASSET_SYMBOL_EXTENSIONS = YES;
				CLANG_ANALYZER_NONNULL = YES;
				CLANG_ANALYZER_NUMBER_OBJECT_CONVERSION = YES_AGGRESSIVE;
				CLANG_CXX_LANGUAGE_STANDARD = "gnu++20";
				CLANG_ENABLE_MODULES = YES;
				CLANG_ENABLE_OBJC_ARC = YES;
				CLANG_ENABLE_OBJC_WEAK = YES;
				CLANG_WARN_BLOCK_CAPTURE_AUTORELEASING = YES;
				CLANG_WARN_BOOL_CONVERSION = YES;
				CLANG_WARN_COMMA = YES;
				CLANG_WARN_CONSTANT_CONVERSION = YES;
				CLANG_WARN_DEPRECATED_OBJC_IMPLEMENTATIONS = YES;
				CLANG_WARN_DIRECT_OBJC_ISA_USAGE = YES_ERROR;
				CLANG_WARN_DOCUMENTATION_COMMENTS = YES;
				CLANG_WARN_EMPTY_BODY = YES;
				CLANG_WARN_ENUM_CONVERSION = YES;
				CLANG_WARN_INFINITE_RECURSION = YES;
				CLANG_WARN_INT_CONVERSION = YES;
				CLANG_WARN_NON_LITERAL_NULL_CONVERSION = YES;
				CLANG_WARN_OBJC_IMPLICIT_RETAIN_SELF = YES;
				CLANG_WARN_OBJC_LITERAL_CONVERSION = YES;
				CLANG_WARN_OBJC_ROOT_CLASS = YES_ERROR;
				CLANG_WARN_QUOTED_INCLUDE_IN_FRAMEWORK_HEADER = YES;
				CLANG_WARN_RANGE_LOOP_ANALYSIS = YES;
				CLANG_WARN_STRICT_PROTOTYPES = YES;
				CLANG_WARN_SUSPICIOUS_MOVE = YES;
				CLANG_WARN_UNGUARDED_AVAILABILITY = YES_AGGRESSIVE;
				CLANG_WARN_UNREACHABLE_CODE = YES;
				CLANG_WARN__DUPLICATE_METHOD_MATCH = YES;
				COPY_PHASE_STRIP = NO;
				DEBUG_INFORMATION_FORMAT = "dwarf-with-dsym";
				ENABLE_NS_ASSERTIONS = NO;
				ENABLE_STRICT_OBJC_MSGSEND = YES;
				ENABLE_USER_SCRIPT_SANDBOXING = YES;
				GCC_C_LANGUAGE_STANDARD = gnu17;
				GCC_NO_COMMON_BLOCKS = YES;
				GCC_WARN_64_TO_32_BIT_CONVERSION = YES;
				GCC_WARN_ABOUT_RETURN_TYPE = YES_ERROR;
				GCC_WARN_UNDECLARED_SELECTOR = YES;
				GCC_WARN_UNINITIALIZED_AUTOS = YES_AGGRESSIVE;
				GCC_WARN_UNUSED_FUNCTION = YES;
				GCC_WARN_UNUSED_VARIABLE = YES;
				IPHONEOS_DEPLOYMENT_TARGET = 17.5;
				LOCALIZATION_PREFERS_STRING_CATALOGS = YES;
				MTL_ENABLE_DEBUG_INFO = NO;
				MTL_FAST_MATH = YES;
				SDKROOT = iphoneos;
				SWIFT_COMPILATION_MODE = wholemodule;
				VALIDATE_PRODUCT = YES;
			};
			name = Release;
		};
		296488F52C56E5EB00FF00E3 /* Debug */ = {
			isa = XCBuildConfiguration;
			buildSettings = {
				ASSETCATALOG_COMPILER_APPICON_NAME = AppIcon;
				ASSETCATALOG_COMPILER_GLOBAL_ACCENT_COLOR_NAME = AccentColor;
				CODE_SIGN_STYLE = Automatic;
				CURRENT_PROJECT_VERSION = 1;
				DEVELOPMENT_ASSET_PATHS = "\"The Quiz App/Preview Content\"";
				ENABLE_PREVIEWS = YES;
				GENERATE_INFOPLIST_FILE = YES;
				INFOPLIST_KEY_UIApplicationSceneManifest_Generation = YES;
				INFOPLIST_KEY_UIApplicationSupportsIndirectInputEvents = YES;
				INFOPLIST_KEY_UILaunchScreen_Generation = YES;
				INFOPLIST_KEY_UISupportedInterfaceOrientations_iPad = "UIInterfaceOrientationPortrait UIInterfaceOrientationPortraitUpsideDown UIInterfaceOrientationLandscapeLeft UIInterfaceOrientationLandscapeRight";
				INFOPLIST_KEY_UISupportedInterfaceOrientations_iPhone = "UIInterfaceOrientationPortrait UIInterfaceOrientationLandscapeLeft UIInterfaceOrientationLandscapeRight";
				LD_RUNPATH_SEARCH_PATHS = (
					"$(inherited)",
					"@executable_path/Frameworks",
				);
				MARKETING_VERSION = 1.0;
				PRODUCT_BUNDLE_IDENTIFIER = "com.nils.The-Quiz-App";
				PRODUCT_NAME = "$(TARGET_NAME)";
				SWIFT_EMIT_LOC_STRINGS = YES;
				SWIFT_VERSION = 5.0;
				TARGETED_DEVICE_FAMILY = "1,2";
			};
			name = Debug;
		};
		296488F62C56E5EB00FF00E3 /* Release */ = {
			isa = XCBuildConfiguration;
			buildSettings = {
				ASSETCATALOG_COMPILER_APPICON_NAME = AppIcon;
				ASSETCATALOG_COMPILER_GLOBAL_ACCENT_COLOR_NAME = AccentColor;
				CODE_SIGN_STYLE = Automatic;
				CURRENT_PROJECT_VERSION = 1;
				DEVELOPMENT_ASSET_PATHS = "\"The Quiz App/Preview Content\"";
				ENABLE_PREVIEWS = YES;
				GENERATE_INFOPLIST_FILE = YES;
				INFOPLIST_KEY_UIApplicationSceneManifest_Generation = YES;
				INFOPLIST_KEY_UIApplicationSupportsIndirectInputEvents = YES;
				INFOPLIST_KEY_UILaunchScreen_Generation = YES;
				INFOPLIST_KEY_UISupportedInterfaceOrientations_iPad = "UIInterfaceOrientationPortrait UIInterfaceOrientationPortraitUpsideDown UIInterfaceOrientationLandscapeLeft UIInterfaceOrientationLandscapeRight";
				INFOPLIST_KEY_UISupportedInterfaceOrientations_iPhone = "UIInterfaceOrientationPortrait UIInterfaceOrientationLandscapeLeft UIInterfaceOrientationLandscapeRight";
				LD_RUNPATH_SEARCH_PATHS = (
					"$(inherited)",
					"@executable_path/Frameworks",
				);
				MARKETING_VERSION = 1.0;
				PRODUCT_BUNDLE_IDENTIFIER = "com.nils.The-Quiz-App";
				PRODUCT_NAME = "$(TARGET_NAME)";
				SWIFT_EMIT_LOC_STRINGS = YES;
				SWIFT_VERSION = 5.0;
				TARGETED_DEVICE_FAMILY = "1,2";
			};
			name = Release;
		};
/* End XCBuildConfiguration section */

/* Begin XCConfigurationList section */
		296488E12C56E5EA00FF00E3 /* Build configuration list for PBXProject "The Quiz App" */ = {
			isa = XCConfigurationList;
			buildConfigurations = (
				296488F22C56E5EB00FF00E3 /* Debug */,
				296488F32C56E5EB00FF00E3 /* Release */,
			);
			defaultConfigurationIsVisible = 0;
			defaultConfigurationName = Release;
		};
		296488F42C56E5EB00FF00E3 /* Build configuration list for PBXNativeTarget "The Quiz App" */ = {
			isa = XCConfigurationList;
			buildConfigurations = (
				296488F52C56E5EB00FF00E3 /* Debug */,
				296488F62C56E5EB00FF00E3 /* Release */,
			);
			defaultConfigurationIsVisible = 0;
			defaultConfigurationName = Release;
		};
/* End XCConfigurationList section */
	};
	rootObject = 296488DE2C56E5EA00FF00E3 /* Project object */;
}
